<Solution>
  <Folder Name="/Solution Items/">
    <File Path=".editorconfig" />
    <File Path=".gitattributes" />
    <File Path=".gitignore" />
    <File Path="Directory.Build.props" />
    <File Path="Directory.Packages.props" />
    <File Path="LICENSE" />
    <File Path="nuget.config" />
    <File Path="README.md" />
  </Folder>
  <Folder Name="/Solution Items/.agents/">
    <File Path="AGENTS.md" />
  </Folder>
  <Project Path="Source/ClaudeUsage/ClaudeUsage.csproj" />
  <Folder Name="/Tests/">
    <Project Path="Tests/ClaudeUsage.Tests/ClaudeUsage.Tests.csproj" />
  </Folder>
</Solution>
